
Microsoft Visual Studio Solution File, Format Version 12.00
# Visual Studio 15
VisualStudioVersion = 15.0.28307.779
MinimumVisualStudioVersion = 10.0.40219.1
Project("{8BC9CEB8-8B4A-11D0-8D11-00A0C91BC942}") = "Largest Prime Factor", "Largest Prime Factor\Largest Prime Factor.vcxproj", "{BB47F8D5-521B-465A-93F9-02A4C4CA0372}"
EndProject
Global
	GlobalSection(SolutionConfigurationPlatforms) = preSolution
		Debug|x64 = Debug|x64
		Debug|x86 = Debug|x86
		Release|x64 = Release|x64
		Release|x86 = Release|x86
	EndGlobalSection
	GlobalSection(ProjectConfigurationPlatforms) = postSolution
		{BB47F8D5-521B-465A-93F9-02A4C4CA0372}.Debug|x64.ActiveCfg = Debug|x64
		{BB47F8D5-521B-465A-93F9-02A4C4CA0372}.Debug|x64.Build.0 = Debug|x64
		{BB47F8D5-521B-465A-93F9-02A4C4CA0372}.Debug|x86.ActiveCfg = Debug|Win32
		{BB47F8D5-521B-465A-93F9-02A4C4CA0372}.Debug|x86.Build.0 = Debug|Win32
		{BB47F8D5-521B-465A-93F9-02A4C4CA0372}.Release|x64.ActiveCfg = Release|x64
		{BB47F8D5-521B-465A-93F9-02A4C4CA0372}.Release|x64.Build.0 = Release|x64
		{BB47F8D5-521B-465A-93F9-02A4C4CA0372}.Release|x86.ActiveCfg = Release|Win32
		{BB47F8D5-521B-465A-93F9-02A4C4CA0372}.Release|x86.Build.0 = Release|Win32
	EndGlobalSection
	GlobalSection(SolutionProperties) = preSolution
		HideSolutionNode = FALSE
	EndGlobalSection
	GlobalSection(ExtensibilityGlobals) = postSolution
		SolutionGuid = {4B2A2D7A-4053-48E0-815D-A449A8759C8B}
	EndGlobalSection
EndGlobal
